
Microsoft Visual Studio Solution File, Format Version 12.00
# Visual Studio 14
VisualStudioVersion = 14.0.23107.0
MinimumVisualStudioVersion = 10.0.40219.1
Project("{FAE04EC0-301F-11D3-BF4B-00C04F79EFBC}") = "Perspex.Plot.Sample", "Perspex.Plot.Sample\Perspex.Plot.Sample.csproj", "{E1B9441C-4C4B-49C1-AEDF-B893156109AD}"
EndProject
Project("{FAE04EC0-301F-11D3-BF4B-00C04F79EFBC}") = "Perspex.Plot", "Perspex.Plot\Perspex.Plot.csproj", "{6D1D7EF8-2E58-4F53-B413-185156FD3F76}"
EndProject
Global
	GlobalSection(SolutionConfigurationPlatforms) = preSolution
		Debug|Any CPU = Debug|Any CPU
		Release|Any CPU = Release|Any CPU
	EndGlobalSection
	GlobalSection(ProjectConfigurationPlatforms) = postSolution
		{E1B9441C-4C4B-49C1-AEDF-B893156109AD}.Debug|Any CPU.ActiveCfg = Debug|Any CPU
		{E1B9441C-4C4B-49C1-AEDF-B893156109AD}.Debug|Any CPU.Build.0 = Debug|Any CPU
		{E1B9441C-4C4B-49C1-AEDF-B893156109AD}.Release|Any CPU.ActiveCfg = Release|Any CPU
		{E1B9441C-4C4B-49C1-AEDF-B893156109AD}.Release|Any CPU.Build.0 = Release|Any CPU
		{6D1D7EF8-2E58-4F53-B413-185156FD3F76}.Debug|Any CPU.ActiveCfg = Debug|Any CPU
		{6D1D7EF8-2E58-4F53-B413-185156FD3F76}.Debug|Any CPU.Build.0 = Debug|Any CPU
		{6D1D7EF8-2E58-4F53-B413-185156FD3F76}.Release|Any CPU.ActiveCfg = Release|Any CPU
		{6D1D7EF8-2E58-4F53-B413-185156FD3F76}.Release|Any CPU.Build.0 = Release|Any CPU
	EndGlobalSection
	GlobalSection(SolutionProperties) = preSolution
		HideSolutionNode = FALSE
	EndGlobalSection
EndGlobal
